
Microsoft Visual Studio Solution File, Format Version 12.00
# Visual Studio Version 17
VisualStudioVersion = 17.9.34723.18
MinimumVisualStudioVersion = 10.0.40219.1
Project("{8BC9CEB8-8B4A-11D0-8D11-00A0C91BC942}") = "BOJ_31606", "BOJ_31606.vcxproj", "{D884FB02-81EB-43CC-8546-B4B91755BCB3}"
EndProject
Global
	GlobalSection(SolutionConfigurationPlatforms) = preSolution
		Debug|x64 = Debug|x64
		Release|x64 = Release|x64
	EndGlobalSection
	GlobalSection(ProjectConfigurationPlatforms) = postSolution
		{D884FB02-81EB-43CC-8546-B4B91755BCB3}.Debug|x64.ActiveCfg = Debug|x64
		{D884FB02-81EB-43CC-8546-B4B91755BCB3}.Debug|x64.Build.0 = Debug|x64
		{D884FB02-81EB-43CC-8546-B4B91755BCB3}.Release|x64.ActiveCfg = Release|x64
		{D884FB02-81EB-43CC-8546-B4B91755BCB3}.Release|x64.Build.0 = Release|x64
	EndGlobalSection
	GlobalSection(SolutionProperties) = preSolution
		HideSolutionNode = FALSE
	EndGlobalSection
	GlobalSection(ExtensibilityGlobals) = postSolution
		SolutionGuid = {64859488-217C-409D-A78C-792DB196BBD4}
	EndGlobalSection
EndGlobal
